
Microsoft Visual Studio Solution File, Format Version 12.00
# Visual Studio 15
VisualStudioVersion = 15.0.27130.2003
MinimumVisualStudioVersion = 10.0.40219.1
Project("{888888A0-9F3D-457C-B088-3A5042F75D52}") = "Telegram_tracker", "Telegram_tracker.pyproj", "{581B9E31-1045-4AE1-A1CF-992BB70BB4EE}"
EndProject
Global
	GlobalSection(SolutionConfigurationPlatforms) = preSolution
		Debug|Any CPU = Debug|Any CPU
		Release|Any CPU = Release|Any CPU
	EndGlobalSection
	GlobalSection(ProjectConfigurationPlatforms) = postSolution
		{581B9E31-1045-4AE1-A1CF-992BB70BB4EE}.Debug|Any CPU.ActiveCfg = Debug|Any CPU
		{581B9E31-1045-4AE1-A1CF-992BB70BB4EE}.Release|Any CPU.ActiveCfg = Release|Any CPU
	EndGlobalSection
	GlobalSection(SolutionProperties) = preSolution
		HideSolutionNode = FALSE
	EndGlobalSection
	GlobalSection(ExtensibilityGlobals) = postSolution
		SolutionGuid = {5829E16F-F444-47D5-96C4-BB8D6D247035}
	EndGlobalSection
EndGlobal
